// !$*UTF8*$!
{
	archiveVersion = 1;
	classes = {
	};
	objectVersion = 50;
	objects = {

/* Begin PBXBuildFile section */
		3413F02B24587D38006A6FFE /* User.swift in Sources */ = {isa = PBXBuildFile; fileRef = 3413F02A24587D38006A6FFE /* User.swift */; };
		3435EC032457C6E100462A8D /* LoginRequest.swift in Sources */ = {isa = PBXBuildFile; fileRef = 3435EC022457C6E100462A8D /* LoginRequest.swift */; };
		343BF9762453698300412DFB /* AppDelegate.swift in Sources */ = {isa = PBXBuildFile; fileRef = 343BF9752453698300412DFB /* AppDelegate.swift */; };
		343BF9782453698300412DFB /* SceneDelegate.swift in Sources */ = {isa = PBXBuildFile; fileRef = 343BF9772453698300412DFB /* SceneDelegate.swift */; };
		343BF97A2453698300412DFB /* MapViewController.swift in Sources */ = {isa = PBXBuildFile; fileRef = 343BF9792453698300412DFB /* MapViewController.swift */; };
		343BF97D2453698300412DFB /* Main.storyboard in Resources */ = {isa = PBXBuildFile; fileRef = 343BF97B2453698300412DFB /* Main.storyboard */; };
		343BF97F2453698500412DFB /* Assets.xcassets in Resources */ = {isa = PBXBuildFile; fileRef = 343BF97E2453698500412DFB /* Assets.xcassets */; };
		343BF9822453698500412DFB /* LaunchScreen.storyboard in Resources */ = {isa = PBXBuildFile; fileRef = 343BF9802453698500412DFB /* LaunchScreen.storyboard */; };
		343BF98C2454E8DD00412DFB /* PinTableViewController.swift in Sources */ = {isa = PBXBuildFile; fileRef = 343BF98B2454E8DD00412DFB /* PinTableViewController.swift */; };
		343BF98E245547DA00412DFB /* AddLocationViewController.swift in Sources */ = {isa = PBXBuildFile; fileRef = 343BF98D245547DA00412DFB /* AddLocationViewController.swift */; };
		343BF990245547EC00412DFB /* AddLocationMapViewController.swift in Sources */ = {isa = PBXBuildFile; fileRef = 343BF98F245547EC00412DFB /* AddLocationMapViewController.swift */; };
		343BF99224555C6B00412DFB /* LoginViewController.swift in Sources */ = {isa = PBXBuildFile; fileRef = 343BF99124555C6A00412DFB /* LoginViewController.swift */; };
		343BF9992456179600412DFB /* StudentInformation.swift in Sources */ = {isa = PBXBuildFile; fileRef = 343BF9982456179600412DFB /* StudentInformation.swift */; };
		343BF99B245618B000412DFB /* StudentLocationResponses.swift in Sources */ = {isa = PBXBuildFile; fileRef = 343BF99A245618B000412DFB /* StudentLocationResponses.swift */; };
		343BF99F2456199E00412DFB /* SessionResponses.swift in Sources */ = {isa = PBXBuildFile; fileRef = 343BF99E2456199E00412DFB /* SessionResponses.swift */; };
		343BF9A224561A0500412DFB /* Session.swift in Sources */ = {isa = PBXBuildFile; fileRef = 343BF9A124561A0500412DFB /* Session.swift */; };
		343BF9A4245681F900412DFB /* UdacityAPI.swift in Sources */ = {isa = PBXBuildFile; fileRef = 343BF9A3245681F900412DFB /* UdacityAPI.swift */; };
		343BF9A624569DB700412DFB /* LocationTabBarController.swift in Sources */ = {isa = PBXBuildFile; fileRef = 343BF9A524569DB700412DFB /* LocationTabBarController.swift */; };
		348D734F245890FE00758C5F /* ErrorResponse.swift in Sources */ = {isa = PBXBuildFile; fileRef = 348D734E245890FE00758C5F /* ErrorResponse.swift */; };
/* End PBXBuildFile section */

/* Begin PBXFileReference section */
		3413F02A24587D38006A6FFE /* User.swift */ = {isa = PBXFileReference; lastKnownFileType = sourcecode.swift; path = User.swift; sourceTree = "<group>"; };
		3435EC022457C6E100462A8D /* LoginRequest.swift */ = {isa = PBXFileReference; fileEncoding = 4; lastKnownFileType = sourcecode.swift; path = LoginRequest.swift; sourceTree = "<group>"; };
		343BF9722453698300412DFB /* OnTheMap.app */ = {isa = PBXFileReference; explicitFileType = wrapper.application; includeInIndex = 0; path = OnTheMap.app; sourceTree = BUILT_PRODUCTS_DIR; };
		343BF9752453698300412DFB /* AppDelegate.swift */ = {isa = PBXFileReference; lastKnownFileType = sourcecode.swift; path = AppDelegate.swift; sourceTree = "<group>"; };
		343BF9772453698300412DFB /* SceneDelegate.swift */ = {isa = PBXFileReference; lastKnownFileType = sourcecode.swift; path = SceneDelegate.swift; sourceTree = "<group>"; };
		343BF9792453698300412DFB /* MapViewController.swift */ = {isa = PBXFileReference; lastKnownFileType = sourcecode.swift; path = MapViewController.swift; sourceTree = "<group>"; };
		343BF97C2453698300412DFB /* Base */ = {isa = PBXFileReference; lastKnownFileType = file.storyboard; name = Base; path = Base.lproj/Main.storyboard; sourceTree = "<group>"; };
		343BF97E2453698500412DFB /* Assets.xcassets */ = {isa = PBXFileReference; lastKnownFileType = folder.assetcatalog; path = Assets.xcassets; sourceTree = "<group>"; };
		343BF9812453698500412DFB /* Base */ = {isa = PBXFileReference; lastKnownFileType = file.storyboard; name = Base; path = Base.lproj/LaunchScreen.storyboard; sourceTree = "<group>"; };
		343BF9832453698500412DFB /* Info.plist */ = {isa = PBXFileReference; lastKnownFileType = text.plist.xml; path = Info.plist; sourceTree = "<group>"; };
		343BF98B2454E8DD00412DFB /* PinTableViewController.swift */ = {isa = PBXFileReference; lastKnownFileType = sourcecode.swift; path = PinTableViewController.swift; sourceTree = "<group>"; };
		343BF98D245547DA00412DFB /* AddLocationViewController.swift */ = {isa = PBXFileReference; lastKnownFileType = sourcecode.swift; path = AddLocationViewController.swift; sourceTree = "<group>"; };
		343BF98F245547EC00412DFB /* AddLocationMapViewController.swift */ = {isa = PBXFileReference; lastKnownFileType = sourcecode.swift; path = AddLocationMapViewController.swift; sourceTree = "<group>"; };
		343BF99124555C6A00412DFB /* LoginViewController.swift */ = {isa = PBXFileReference; lastKnownFileType = sourcecode.swift; path = LoginViewController.swift; sourceTree = "<group>"; };
		343BF9982456179600412DFB /* StudentInformation.swift */ = {isa = PBXFileReference; lastKnownFileType = sourcecode.swift; path = StudentInformation.swift; sourceTree = "<group>"; };
		343BF99A245618B000412DFB /* StudentLocationResponses.swift */ = {isa = PBXFileReference; lastKnownFileType = sourcecode.swift; path = StudentLocationResponses.swift; sourceTree = "<group>"; };
		343BF99E2456199E00412DFB /* SessionResponses.swift */ = {isa = PBXFileReference; lastKnownFileType = sourcecode.swift; path = SessionResponses.swift; sourceTree = "<group>"; };
		343BF9A124561A0500412DFB /* Session.swift */ = {isa = PBXFileReference; lastKnownFileType = sourcecode.swift; path = Session.swift; sourceTree = "<group>"; };
		343BF9A3245681F900412DFB /* UdacityAPI.swift */ = {isa = PBXFileReference; lastKnownFileType = sourcecode.swift; path = UdacityAPI.swift; sourceTree = "<group>"; };
		343BF9A524569DB700412DFB /* LocationTabBarController.swift */ = {isa = PBXFileReference; lastKnownFileType = sourcecode.swift; path = LocationTabBarController.swift; sourceTree = "<group>"; };
		348D734E245890FE00758C5F /* ErrorResponse.swift */ = {isa = PBXFileReference; lastKnownFileType = sourcecode.swift; path = ErrorResponse.swift; sourceTree = "<group>"; };
/* End PBXFileReference section */

/* Begin PBXFrameworksBuildPhase section */
		343BF96F2453698300412DFB /* Frameworks */ = {
			isa = PBXFrameworksBuildPhase;
			buildActionMask = 2147483647;
			files = (
			);
			runOnlyForDeploymentPostprocessing = 0;
		};
/* End PBXFrameworksBuildPhase section */

/* Begin PBXGroup section */
		3435EBFF2457C67300462A8D /* Objects */ = {
			isa = PBXGroup;
			children = (
				343BF9982456179600412DFB /* StudentInformation.swift */,
				3413F02A24587D38006A6FFE /* User.swift */,
				343BF9A124561A0500412DFB /* Session.swift */,
			);
			path = Objects;
			sourceTree = "<group>";
		};
		3435EC002457C68100462A8D /* Responses */ = {
			isa = PBXGroup;
			children = (
				343BF99A245618B000412DFB /* StudentLocationResponses.swift */,
				343BF99E2456199E00412DFB /* SessionResponses.swift */,
				348D734E245890FE00758C5F /* ErrorResponse.swift */,
			);
			path = Responses;
			sourceTree = "<group>";
		};
		3435EC012457C68F00462A8D /* Requests */ = {
			isa = PBXGroup;
			children = (
				3435EC022457C6E100462A8D /* LoginRequest.swift */,
			);
			path = Requests;
			sourceTree = "<group>";
		};
		343BF9692453698300412DFB = {
			isa = PBXGroup;
			children = (
				343BF9742453698300412DFB /* OnTheMap */,
				343BF9732453698300412DFB /* Products */,
			);
			sourceTree = "<group>";
		};
		343BF9732453698300412DFB /* Products */ = {
			isa = PBXGroup;
			children = (
				343BF9722453698300412DFB /* OnTheMap.app */,
			);
			name = Products;
			sourceTree = "<group>";
		};
		343BF9742453698300412DFB /* OnTheMap */ = {
			isa = PBXGroup;
			children = (
				343BF9A0245619A700412DFB /* Model */,
				343BF9932455610800412DFB /* View */,
				343BF9952455613600412DFB /* Controller */,
				343BF97E2453698500412DFB /* Assets.xcassets */,
				343BF9942455611B00412DFB /* Other */,
				343BF9832453698500412DFB /* Info.plist */,
			);
			path = OnTheMap;
			sourceTree = "<group>";
		};
		343BF9932455610800412DFB /* View */ = {
			isa = PBXGroup;
			children = (
				343BF97B2453698300412DFB /* Main.storyboard */,
				343BF9802453698500412DFB /* LaunchScreen.storyboard */,
			);
			path = View;
			sourceTree = "<group>";
		};
		343BF9942455611B00412DFB /* Other */ = {
			isa = PBXGroup;
			children = (
				343BF9752453698300412DFB /* AppDelegate.swift */,
				343BF9772453698300412DFB /* SceneDelegate.swift */,
			);
			path = Other;
			sourceTree = "<group>";
		};
		343BF9952455613600412DFB /* Controller */ = {
			isa = PBXGroup;
			children = (
				343BF99124555C6A00412DFB /* LoginViewController.swift */,
				343BF9792453698300412DFB /* MapViewController.swift */,
				343BF9A524569DB700412DFB /* LocationTabBarController.swift */,
				343BF98B2454E8DD00412DFB /* PinTableViewController.swift */,
				343BF98D245547DA00412DFB /* AddLocationViewController.swift */,
				343BF98F245547EC00412DFB /* AddLocationMapViewController.swift */,
			);
			path = Controller;
			sourceTree = "<group>";
		};
		343BF9A0245619A700412DFB /* Model */ = {
			isa = PBXGroup;
			children = (
				3435EBFF2457C67300462A8D /* Objects */,
				3435EC002457C68100462A8D /* Responses */,
				3435EC012457C68F00462A8D /* Requests */,
				343BF9A3245681F900412DFB /* UdacityAPI.swift */,
			);
			path = Model;
			sourceTree = "<group>";
		};
/* End PBXGroup section */

/* Begin PBXNativeTarget section */
		343BF9712453698300412DFB /* OnTheMap */ = {
			isa = PBXNativeTarget;
			buildConfigurationList = 343BF9862453698500412DFB /* Build configuration list for PBXNativeTarget "OnTheMap" */;
			buildPhases = (
				343BF96E2453698300412DFB /* Sources */,
				343BF96F2453698300412DFB /* Frameworks */,
				343BF9702453698300412DFB /* Resources */,
			);
			buildRules = (
			);
			dependencies = (
			);
			name = OnTheMap;
			productName = OnTheMap;
			productReference = 343BF9722453698300412DFB /* OnTheMap.app */;
			productType = "com.apple.product-type.application";
		};
/* End PBXNativeTarget section */

/* Begin PBXProject section */
		343BF96A2453698300412DFB /* Project object */ = {
			isa = PBXProject;
			attributes = {
				LastSwiftUpdateCheck = 1140;
				LastUpgradeCheck = 1140;
				ORGANIZATIONNAME = "Shane Lawson";
				TargetAttributes = {
					343BF9712453698300412DFB = {
						CreatedOnToolsVersion = 11.4;
					};
				};
			};
			buildConfigurationList = 343BF96D2453698300412DFB /* Build configuration list for PBXProject "OnTheMap" */;
			compatibilityVersion = "Xcode 9.3";
			developmentRegion = en;
			hasScannedForEncodings = 0;
			knownRegions = (
				en,
				Base,
			);
			mainGroup = 343BF9692453698300412DFB;
			productRefGroup = 343BF9732453698300412DFB /* Products */;
			projectDirPath = "";
			projectRoot = "";
			targets = (
				343BF9712453698300412DFB /* OnTheMap */,
			);
		};
/* End PBXProject section */

/* Begin PBXResourcesBuildPhase section */
		343BF9702453698300412DFB /* Resources */ = {
			isa = PBXResourcesBuildPhase;
			buildActionMask = 2147483647;
			files = (
				343BF9822453698500412DFB /* LaunchScreen.storyboard in Resources */,
				343BF97F2453698500412DFB /* Assets.xcassets in Resources */,
				343BF97D2453698300412DFB /* Main.storyboard in Resources */,
			);
			runOnlyForDeploymentPostprocessing = 0;
		};
/* End PBXResourcesBuildPhase section */

/* Begin PBXSourcesBuildPhase section */
		343BF96E2453698300412DFB /* Sources */ = {
			isa = PBXSourcesBuildPhase;
			buildActionMask = 2147483647;
			files = (
				3435EC032457C6E100462A8D /* LoginRequest.swift in Sources */,
				343BF9A4245681F900412DFB /* UdacityAPI.swift in Sources */,
				343BF9992456179600412DFB /* StudentInformation.swift in Sources */,
				343BF97A2453698300412DFB /* MapViewController.swift in Sources */,
				3413F02B24587D38006A6FFE /* User.swift in Sources */,
				343BF98E245547DA00412DFB /* AddLocationViewController.swift in Sources */,
				343BF99B245618B000412DFB /* StudentLocationResponses.swift in Sources */,
				348D734F245890FE00758C5F /* ErrorResponse.swift in Sources */,
				343BF9762453698300412DFB /* AppDelegate.swift in Sources */,
				343BF9782453698300412DFB /* SceneDelegate.swift in Sources */,
				343BF99224555C6B00412DFB /* LoginViewController.swift in Sources */,
				343BF99F2456199E00412DFB /* SessionResponses.swift in Sources */,
				343BF9A224561A0500412DFB /* Session.swift in Sources */,
				343BF990245547EC00412DFB /* AddLocationMapViewController.swift in Sources */,
				343BF9A624569DB700412DFB /* LocationTabBarController.swift in Sources */,
				343BF98C2454E8DD00412DFB /* PinTableViewController.swift in Sources */,
			);
			runOnlyForDeploymentPostprocessing = 0;
		};
/* End PBXSourcesBuildPhase section */

/* Begin PBXVariantGroup section */
		343BF97B2453698300412DFB /* Main.storyboard */ = {
			isa = PBXVariantGroup;
			children = (
				343BF97C2453698300412DFB /* Base */,
			);
			name = Main.storyboard;
			sourceTree = "<group>";
		};
		343BF9802453698500412DFB /* LaunchScreen.storyboard */ = {
			isa = PBXVariantGroup;
			children = (
				343BF9812453698500412DFB /* Base */,
			);
			name = LaunchScreen.storyboard;
			sourceTree = "<group>";
		};
/* End PBXVariantGroup section */

/* Begin XCBuildConfiguration section */
		343BF9842453698500412DFB /* Debug */ = {
			isa = XCBuildConfiguration;
			buildSettings = {
				ALWAYS_SEARCH_USER_PATHS = NO;
				CLANG_ANALYZER_NONNULL = YES;
				CLANG_ANALYZER_NUMBER_OBJECT_CONVERSION = YES_AGGRESSIVE;
				CLANG_CXX_LANGUAGE_STANDARD = "gnu++14";
				CLANG_CXX_LIBRARY = "libc++";
				CLANG_ENABLE_MODULES = YES;
				CLANG_ENABLE_OBJC_ARC = YES;
				CLANG_ENABLE_OBJC_WEAK = YES;
				CLANG_WARN_BLOCK_CAPTURE_AUTORELEASING = YES;
				CLANG_WARN_BOOL_CONVERSION = YES;
				CLANG_WARN_COMMA = YES;
				CLANG_WARN_CONSTANT_CONVERSION = YES;
				CLANG_WARN_DEPRECATED_OBJC_IMPLEMENTATIONS = YES;
				CLANG_WARN_DIRECT_OBJC_ISA_USAGE = YES_ERROR;
				CLANG_WARN_DOCUMENTATION_COMMENTS = YES;
				CLANG_WARN_EMPTY_BODY = YES;
				CLANG_WARN_ENUM_CONVERSION = YES;
				CLANG_WARN_INFINITE_RECURSION = YES;
				CLANG_WARN_INT_CONVERSION = YES;
				CLANG_WARN_NON_LITERAL_NULL_CONVERSION = YES;
				CLANG_WARN_OBJC_IMPLICIT_RETAIN_SELF = YES;
				CLANG_WARN_OBJC_LITERAL_CONVERSION = YES;
				CLANG_WARN_OBJC_ROOT_CLASS = YES_ERROR;
				CLANG_WARN_RANGE_LOOP_ANALYSIS = YES;
				CLANG_WARN_STRICT_PROTOTYPES = YES;
				CLANG_WARN_SUSPICIOUS_MOVE = YES;
				CLANG_WARN_UNGUARDED_AVAILABILITY = YES_AGGRESSIVE;
				CLANG_WARN_UNREACHABLE_CODE = YES;
				CLANG_WARN__DUPLICATE_METHOD_MATCH = YES;
				COPY_PHASE_STRIP = NO;
				DEBUG_INFORMATION_FORMAT = dwarf;
				ENABLE_STRICT_OBJC_MSGSEND = YES;
				ENABLE_TESTABILITY = YES;
				GCC_C_LANGUAGE_STANDARD = gnu11;
				GCC_DYNAMIC_NO_PIC = NO;
				GCC_NO_COMMON_BLOCKS = YES;
				GCC_OPTIMIZATION_LEVEL = 0;
				GCC_PREPROCESSOR_DEFINITIONS = (
					"DEBUG=1",
					"$(inherited)",
				);
				GCC_WARN_64_TO_32_BIT_CONVERSION = YES;
				GCC_WARN_ABOUT_RETURN_TYPE = YES_ERROR;
				GCC_WARN_UNDECLARED_SELECTOR = YES;
				GCC_WARN_UNINITIALIZED_AUTOS = YES_AGGRESSIVE;
				GCC_WARN_UNUSED_FUNCTION = YES;
				GCC_WARN_UNUSED_VARIABLE = YES;
				IPHONEOS_DEPLOYMENT_TARGET = 13.4;
				MTL_ENABLE_DEBUG_INFO = INCLUDE_SOURCE;
				MTL_FAST_MATH = YES;
				ONLY_ACTIVE_ARCH = YES;
				SDKROOT = iphoneos;
				SWIFT_ACTIVE_COMPILATION_CONDITIONS = DEBUG;
				SWIFT_OPTIMIZATION_LEVEL = "-Onone";
			};
			name = Debug;
		};
		343BF9852453698500412DFB /* Release */ = {
			isa = XCBuildConfiguration;
			buildSettings = {
				ALWAYS_SEARCH_USER_PATHS = NO;
				CLANG_ANALYZER_NONNULL = YES;
				CLANG_ANALYZER_NUMBER_OBJECT_CONVERSION = YES_AGGRESSIVE;
				CLANG_CXX_LANGUAGE_STANDARD = "gnu++14";
				CLANG_CXX_LIBRARY = "libc++";
				CLANG_ENABLE_MODULES = YES;
				CLANG_ENABLE_OBJC_ARC = YES;
				CLANG_ENABLE_OBJC_WEAK = YES;
				CLANG_WARN_BLOCK_CAPTURE_AUTORELEASING = YES;
				CLANG_WARN_BOOL_CONVERSION = YES;
				CLANG_WARN_COMMA = YES;
				CLANG_WARN_CONSTANT_CONVERSION = YES;
				CLANG_WARN_DEPRECATED_OBJC_IMPLEMENTATIONS = YES;
				CLANG_WARN_DIRECT_OBJC_ISA_USAGE = YES_ERROR;
				CLANG_WARN_DOCUMENTATION_COMMENTS = YES;
				CLANG_WARN_EMPTY_BODY = YES;
				CLANG_WARN_ENUM_CONVERSION = YES;
				CLANG_WARN_INFINITE_RECURSION = YES;
				CLANG_WARN_INT_CONVERSION = YES;
				CLANG_WARN_NON_LITERAL_NULL_CONVERSION = YES;
				CLANG_WARN_OBJC_IMPLICIT_RETAIN_SELF = YES;
				CLANG_WARN_OBJC_LITERAL_CONVERSION = YES;
				CLANG_WARN_OBJC_ROOT_CLASS = YES_ERROR;
				CLANG_WARN_RANGE_LOOP_ANALYSIS = YES;
				CLANG_WARN_STRICT_PROTOTYPES = YES;
				CLANG_WARN_SUSPICIOUS_MOVE = YES;
				CLANG_WARN_UNGUARDED_AVAILABILITY = YES_AGGRESSIVE;
				CLANG_WARN_UNREACHABLE_CODE = YES;
				CLANG_WARN__DUPLICATE_METHOD_MATCH = YES;
				COPY_PHASE_STRIP = NO;
				DEBUG_INFORMATION_FORMAT = "dwarf-with-dsym";
				ENABLE_NS_ASSERTIONS = NO;
				ENABLE_STRICT_OBJC_MSGSEND = YES;
				GCC_C_LANGUAGE_STANDARD = gnu11;
				GCC_NO_COMMON_BLOCKS = YES;
				GCC_WARN_64_TO_32_BIT_CONVERSION = YES;
				GCC_WARN_ABOUT_RETURN_TYPE = YES_ERROR;
				GCC_WARN_UNDECLARED_SELECTOR = YES;
				GCC_WARN_UNINITIALIZED_AUTOS = YES_AGGRESSIVE;
				GCC_WARN_UNUSED_FUNCTION = YES;
				GCC_WARN_UNUSED_VARIABLE = YES;
				IPHONEOS_DEPLOYMENT_TARGET = 13.4;
				MTL_ENABLE_DEBUG_INFO = NO;
				MTL_FAST_MATH = YES;
				SDKROOT = iphoneos;
				SWIFT_COMPILATION_MODE = wholemodule;
				SWIFT_OPTIMIZATION_LEVEL = "-O";
				VALIDATE_PRODUCT = YES;
			};
			name = Release;
		};
		343BF9872453698500412DFB /* Debug */ = {
			isa = XCBuildConfiguration;
			buildSettings = {
				ASSETCATALOG_COMPILER_APPICON_NAME = AppIcon;
				CODE_SIGN_STYLE = Automatic;
				DEVELOPMENT_TEAM = CJMFTPPQ4C;
				INFOPLIST_FILE = OnTheMap/Info.plist;
				LD_RUNPATH_SEARCH_PATHS = (
					"$(inherited)",
					"@executable_path/Frameworks",
				);
				PRODUCT_BUNDLE_IDENTIFIER = info.shanelawson.OnTheMap;
				PRODUCT_NAME = "$(TARGET_NAME)";
				SWIFT_VERSION = 5.0;
				TARGETED_DEVICE_FAMILY = "1,2";
			};
			name = Debug;
		};
		343BF9882453698500412DFB /* Release */ = {
			isa = XCBuildConfiguration;
			buildSettings = {
				ASSETCATALOG_COMPILER_APPICON_NAME = AppIcon;
				CODE_SIGN_STYLE = Automatic;
				DEVELOPMENT_TEAM = CJMFTPPQ4C;
				INFOPLIST_FILE = OnTheMap/Info.plist;
				LD_RUNPATH_SEARCH_PATHS = (
					"$(inherited)",
					"@executable_path/Frameworks",
				);
				PRODUCT_BUNDLE_IDENTIFIER = info.shanelawson.OnTheMap;
				PRODUCT_NAME = "$(TARGET_NAME)";
				SWIFT_VERSION = 5.0;
				TARGETED_DEVICE_FAMILY = "1,2";
			};
			name = Release;
		};
/* End XCBuildConfiguration section */

/* Begin XCConfigurationList section */
		343BF96D2453698300412DFB /* Build configuration list for PBXProject "OnTheMap" */ = {
			isa = XCConfigurationList;
			buildConfigurations = (
				343BF9842453698500412DFB /* Debug */,
				343BF9852453698500412DFB /* Release */,
			);
			defaultConfigurationIsVisible = 0;
			defaultConfigurationName = Release;
		};
		343BF9862453698500412DFB /* Build configuration list for PBXNativeTarget "OnTheMap" */ = {
			isa = XCConfigurationList;
			buildConfigurations = (
				343BF9872453698500412DFB /* Debug */,
				343BF9882453698500412DFB /* Release */,
			);
			defaultConfigurationIsVisible = 0;
			defaultConfigurationName = Release;
		};
/* End XCConfigurationList section */
	};
	rootObject = 343BF96A2453698300412DFB /* Project object */;
}
